
Microsoft Visual Studio Solution File, Format Version 12.00
# Visual Studio Version 17
VisualStudioVersion = 17.5.33516.290
MinimumVisualStudioVersion = 10.0.40219.1
Project("{FAE04EC0-301F-11D3-BF4B-00C04F79EFBC}") = "Assignment1", "Assignment1\Assignment1.csproj", "{9775A3AC-A96B-4F6F-9782-1459CCE4A374}"
EndProject
Global
	GlobalSection(SolutionConfigurationPlatforms) = preSolution
		Debug|Any CPU = Debug|Any CPU
		Release|Any CPU = Release|Any CPU
	EndGlobalSection
	GlobalSection(ProjectConfigurationPlatforms) = postSolution
		{9775A3AC-A96B-4F6F-9782-1459CCE4A374}.Debug|Any CPU.ActiveCfg = Debug|Any CPU
		{9775A3AC-A96B-4F6F-9782-1459CCE4A374}.Debug|Any CPU.Build.0 = Debug|Any CPU
		{9775A3AC-A96B-4F6F-9782-1459CCE4A374}.Release|Any CPU.ActiveCfg = Release|Any CPU
		{9775A3AC-A96B-4F6F-9782-1459CCE4A374}.Release|Any CPU.Build.0 = Release|Any CPU
	EndGlobalSection
	GlobalSection(SolutionProperties) = preSolution
		HideSolutionNode = FALSE
	EndGlobalSection
	GlobalSection(ExtensibilityGlobals) = postSolution
		SolutionGuid = {E5CE5D87-0EDD-44CC-A947-6B9A3FFDC7CB}
	EndGlobalSection
EndGlobal
